// !$*UTF8*$!
{
	archiveVersion = 1;
	classes = {
	};
	objectVersion = 56;
	objects = {

/* Begin PBXBuildFile section */
		0617878C29269CDE00DCC878 /* AppDelegate.swift in Sources */ = {isa = PBXBuildFile; fileRef = 0617878B29269CDE00DCC878 /* AppDelegate.swift */; };
		0617878E29269CDE00DCC878 /* SceneDelegate.swift in Sources */ = {isa = PBXBuildFile; fileRef = 0617878D29269CDE00DCC878 /* SceneDelegate.swift */; };
		0617879029269CDE00DCC878 /* ViewController.swift in Sources */ = {isa = PBXBuildFile; fileRef = 0617878F29269CDE00DCC878 /* ViewController.swift */; };
		0617879329269CDE00DCC878 /* Main.storyboard in Resources */ = {isa = PBXBuildFile; fileRef = 0617879129269CDE00DCC878 /* Main.storyboard */; };
		0617879529269CE000DCC878 /* Assets.xcassets in Resources */ = {isa = PBXBuildFile; fileRef = 0617879429269CE000DCC878 /* Assets.xcassets */; };
		0617879829269CE000DCC878 /* LaunchScreen.storyboard in Resources */ = {isa = PBXBuildFile; fileRef = 0617879629269CE000DCC878 /* LaunchScreen.storyboard */; };
		061787A329269CE000DCC878 /* RandowPhotoTests.swift in Sources */ = {isa = PBXBuildFile; fileRef = 061787A229269CE000DCC878 /* RandowPhotoTests.swift */; };
		061787AD29269CE000DCC878 /* RandowPhotoUITests.swift in Sources */ = {isa = PBXBuildFile; fileRef = 061787AC29269CE000DCC878 /* RandowPhotoUITests.swift */; };
		061787AF29269CE000DCC878 /* RandowPhotoUITestsLaunchTests.swift in Sources */ = {isa = PBXBuildFile; fileRef = 061787AE29269CE000DCC878 /* RandowPhotoUITestsLaunchTests.swift */; };
		061787BC2927E8CA00DCC878 /* README.md in Resources */ = {isa = PBXBuildFile; fileRef = 061787BB2927E8CA00DCC878 /* README.md */; };
		061787BD2927E8CA00DCC878 /* README.md in Resources */ = {isa = PBXBuildFile; fileRef = 061787BB2927E8CA00DCC878 /* README.md */; };
		061787BE2927E8CA00DCC878 /* README.md in Resources */ = {isa = PBXBuildFile; fileRef = 061787BB2927E8CA00DCC878 /* README.md */; };
/* End PBXBuildFile section */

/* Begin PBXContainerItemProxy section */
		0617879F29269CE000DCC878 /* PBXContainerItemProxy */ = {
			isa = PBXContainerItemProxy;
			containerPortal = 0617878029269CDE00DCC878 /* Project object */;
			proxyType = 1;
			remoteGlobalIDString = 0617878729269CDE00DCC878;
			remoteInfo = RandowPhoto;
		};
		061787A929269CE000DCC878 /* PBXContainerItemProxy */ = {
			isa = PBXContainerItemProxy;
			containerPortal = 0617878029269CDE00DCC878 /* Project object */;
			proxyType = 1;
			remoteGlobalIDString = 0617878729269CDE00DCC878;
			remoteInfo = RandowPhoto;
		};
/* End PBXContainerItemProxy section */

/* Begin PBXFileReference section */
		0617878829269CDE00DCC878 /* RandowPhoto.app */ = {isa = PBXFileReference; explicitFileType = wrapper.application; includeInIndex = 0; path = RandowPhoto.app; sourceTree = BUILT_PRODUCTS_DIR; };
		0617878B29269CDE00DCC878 /* AppDelegate.swift */ = {isa = PBXFileReference; lastKnownFileType = sourcecode.swift; path = AppDelegate.swift; sourceTree = "<group>"; };
		0617878D29269CDE00DCC878 /* SceneDelegate.swift */ = {isa = PBXFileReference; lastKnownFileType = sourcecode.swift; path = SceneDelegate.swift; sourceTree = "<group>"; };
		0617878F29269CDE00DCC878 /* ViewController.swift */ = {isa = PBXFileReference; lastKnownFileType = sourcecode.swift; path = ViewController.swift; sourceTree = "<group>"; };
		0617879229269CDE00DCC878 /* Base */ = {isa = PBXFileReference; lastKnownFileType = file.storyboard; name = Base; path = Base.lproj/Main.storyboard; sourceTree = "<group>"; };
		0617879429269CE000DCC878 /* Assets.xcassets */ = {isa = PBXFileReference; lastKnownFileType = folder.assetcatalog; path = Assets.xcassets; sourceTree = "<group>"; };
		0617879729269CE000DCC878 /* Base */ = {isa = PBXFileReference; lastKnownFileType = file.storyboard; name = Base; path = Base.lproj/LaunchScreen.storyboard; sourceTree = "<group>"; };
		0617879929269CE000DCC878 /* Info.plist */ = {isa = PBXFileReference; lastKnownFileType = text.plist.xml; path = Info.plist; sourceTree = "<group>"; };
		0617879E29269CE000DCC878 /* RandowPhotoTests.xctest */ = {isa = PBXFileReference; explicitFileType = wrapper.cfbundle; includeInIndex = 0; path = RandowPhotoTests.xctest; sourceTree = BUILT_PRODUCTS_DIR; };
		061787A229269CE000DCC878 /* RandowPhotoTests.swift */ = {isa = PBXFileReference; lastKnownFileType = sourcecode.swift; path = RandowPhotoTests.swift; sourceTree = "<group>"; };
		061787A829269CE000DCC878 /* RandowPhotoUITests.xctest */ = {isa = PBXFileReference; explicitFileType = wrapper.cfbundle; includeInIndex = 0; path = RandowPhotoUITests.xctest; sourceTree = BUILT_PRODUCTS_DIR; };
		061787AC29269CE000DCC878 /* RandowPhotoUITests.swift */ = {isa = PBXFileReference; lastKnownFileType = sourcecode.swift; path = RandowPhotoUITests.swift; sourceTree = "<group>"; };
		061787AE29269CE000DCC878 /* RandowPhotoUITestsLaunchTests.swift */ = {isa = PBXFileReference; lastKnownFileType = sourcecode.swift; path = RandowPhotoUITestsLaunchTests.swift; sourceTree = "<group>"; };
		061787BB2927E8CA00DCC878 /* README.md */ = {isa = PBXFileReference; lastKnownFileType = net.daringfireball.markdown; path = README.md; sourceTree = "<group>"; };
/* End PBXFileReference section */

/* Begin PBXFrameworksBuildPhase section */
		0617878529269CDE00DCC878 /* Frameworks */ = {
			isa = PBXFrameworksBuildPhase;
			buildActionMask = 2147483647;
			files = (
			);
			runOnlyForDeploymentPostprocessing = 0;
		};
		0617879B29269CE000DCC878 /* Frameworks */ = {
			isa = PBXFrameworksBuildPhase;
			buildActionMask = 2147483647;
			files = (
			);
			runOnlyForDeploymentPostprocessing = 0;
		};
		061787A529269CE000DCC878 /* Frameworks */ = {
			isa = PBXFrameworksBuildPhase;
			buildActionMask = 2147483647;
			files = (
			);
			runOnlyForDeploymentPostprocessing = 0;
		};
/* End PBXFrameworksBuildPhase section */

/* Begin PBXGroup section */
		0617877F29269CDE00DCC878 = {
			isa = PBXGroup;
			children = (
				061787BB2927E8CA00DCC878 /* README.md */,
				0617878A29269CDE00DCC878 /* RandowPhoto */,
				061787A129269CE000DCC878 /* RandowPhotoTests */,
				061787AB29269CE000DCC878 /* RandowPhotoUITests */,
				0617878929269CDE00DCC878 /* Products */,
			);
			sourceTree = "<group>";
		};
		0617878929269CDE00DCC878 /* Products */ = {
			isa = PBXGroup;
			children = (
				0617878829269CDE00DCC878 /* RandowPhoto.app */,
				0617879E29269CE000DCC878 /* RandowPhotoTests.xctest */,
				061787A829269CE000DCC878 /* RandowPhotoUITests.xctest */,
			);
			name = Products;
			sourceTree = "<group>";
		};
		0617878A29269CDE00DCC878 /* RandowPhoto */ = {
			isa = PBXGroup;
			children = (
				0617878B29269CDE00DCC878 /* AppDelegate.swift */,
				0617878D29269CDE00DCC878 /* SceneDelegate.swift */,
				0617878F29269CDE00DCC878 /* ViewController.swift */,
				0617879129269CDE00DCC878 /* Main.storyboard */,
				0617879429269CE000DCC878 /* Assets.xcassets */,
				0617879629269CE000DCC878 /* LaunchScreen.storyboard */,
				0617879929269CE000DCC878 /* Info.plist */,
			);
			path = RandowPhoto;
			sourceTree = "<group>";
		};
		061787A129269CE000DCC878 /* RandowPhotoTests */ = {
			isa = PBXGroup;
			children = (
				061787A229269CE000DCC878 /* RandowPhotoTests.swift */,
			);
			path = RandowPhotoTests;
			sourceTree = "<group>";
		};
		061787AB29269CE000DCC878 /* RandowPhotoUITests */ = {
			isa = PBXGroup;
			children = (
				061787AC29269CE000DCC878 /* RandowPhotoUITests.swift */,
				061787AE29269CE000DCC878 /* RandowPhotoUITestsLaunchTests.swift */,
			);
			path = RandowPhotoUITests;
			sourceTree = "<group>";
		};
/* End PBXGroup section */

/* Begin PBXNativeTarget section */
		0617878729269CDE00DCC878 /* RandowPhoto */ = {
			isa = PBXNativeTarget;
			buildConfigurationList = 061787B229269CE000DCC878 /* Build configuration list for PBXNativeTarget "RandowPhoto" */;
			buildPhases = (
				0617878429269CDE00DCC878 /* Sources */,
				0617878529269CDE00DCC878 /* Frameworks */,
				0617878629269CDE00DCC878 /* Resources */,
			);
			buildRules = (
			);
			dependencies = (
			);
			name = RandowPhoto;
			productName = RandowPhoto;
			productReference = 0617878829269CDE00DCC878 /* RandowPhoto.app */;
			productType = "com.apple.product-type.application";
		};
		0617879D29269CE000DCC878 /* RandowPhotoTests */ = {
			isa = PBXNativeTarget;
			buildConfigurationList = 061787B529269CE000DCC878 /* Build configuration list for PBXNativeTarget "RandowPhotoTests" */;
			buildPhases = (
				0617879A29269CE000DCC878 /* Sources */,
				0617879B29269CE000DCC878 /* Frameworks */,
				0617879C29269CE000DCC878 /* Resources */,
			);
			buildRules = (
			);
			dependencies = (
				061787A029269CE000DCC878 /* PBXTargetDependency */,
			);
			name = RandowPhotoTests;
			productName = RandowPhotoTests;
			productReference = 0617879E29269CE000DCC878 /* RandowPhotoTests.xctest */;
			productType = "com.apple.product-type.bundle.unit-test";
		};
		061787A729269CE000DCC878 /* RandowPhotoUITests */ = {
			isa = PBXNativeTarget;
			buildConfigurationList = 061787B829269CE000DCC878 /* Build configuration list for PBXNativeTarget "RandowPhotoUITests" */;
			buildPhases = (
				061787A429269CE000DCC878 /* Sources */,
				061787A529269CE000DCC878 /* Frameworks */,
				061787A629269CE000DCC878 /* Resources */,
			);
			buildRules = (
			);
			dependencies = (
				061787AA29269CE000DCC878 /* PBXTargetDependency */,
			);
			name = RandowPhotoUITests;
			productName = RandowPhotoUITests;
			productReference = 061787A829269CE000DCC878 /* RandowPhotoUITests.xctest */;
			productType = "com.apple.product-type.bundle.ui-testing";
		};
/* End PBXNativeTarget section */

/* Begin PBXProject section */
		0617878029269CDE00DCC878 /* Project object */ = {
			isa = PBXProject;
			attributes = {
				BuildIndependentTargetsInParallel = 1;
				LastSwiftUpdateCheck = 1410;
				LastUpgradeCheck = 1410;
				TargetAttributes = {
					0617878729269CDE00DCC878 = {
						CreatedOnToolsVersion = 14.1;
					};
					0617879D29269CE000DCC878 = {
						CreatedOnToolsVersion = 14.1;
						TestTargetID = 0617878729269CDE00DCC878;
					};
					061787A729269CE000DCC878 = {
						CreatedOnToolsVersion = 14.1;
						TestTargetID = 0617878729269CDE00DCC878;
					};
				};
			};
			buildConfigurationList = 0617878329269CDE00DCC878 /* Build configuration list for PBXProject "RandowPhoto" */;
			compatibilityVersion = "Xcode 14.0";
			developmentRegion = en;
			hasScannedForEncodings = 0;
			knownRegions = (
				en,
				Base,
			);
			mainGroup = 0617877F29269CDE00DCC878;
			productRefGroup = 0617878929269CDE00DCC878 /* Products */;
			projectDirPath = "";
			projectRoot = "";
			targets = (
				0617878729269CDE00DCC878 /* RandowPhoto */,
				0617879D29269CE000DCC878 /* RandowPhotoTests */,
				061787A729269CE000DCC878 /* RandowPhotoUITests */,
			);
		};
/* End PBXProject section */

/* Begin PBXResourcesBuildPhase section */
		0617878629269CDE00DCC878 /* Resources */ = {
			isa = PBXResourcesBuildPhase;
			buildActionMask = 2147483647;
			files = (
				0617879829269CE000DCC878 /* LaunchScreen.storyboard in Resources */,
				0617879529269CE000DCC878 /* Assets.xcassets in Resources */,
				061787BC2927E8CA00DCC878 /* README.md in Resources */,
				0617879329269CDE00DCC878 /* Main.storyboard in Resources */,
			);
			runOnlyForDeploymentPostprocessing = 0;
		};
		0617879C29269CE000DCC878 /* Resources */ = {
			isa = PBXResourcesBuildPhase;
			buildActionMask = 2147483647;
			files = (
				061787BD2927E8CA00DCC878 /* README.md in Resources */,
			);
			runOnlyForDeploymentPostprocessing = 0;
		};
		061787A629269CE000DCC878 /* Resources */ = {
			isa = PBXResourcesBuildPhase;
			buildActionMask = 2147483647;
			files = (
				061787BE2927E8CA00DCC878 /* README.md in Resources */,
			);
			runOnlyForDeploymentPostprocessing = 0;
		};
/* End PBXResourcesBuildPhase section */

/* Begin PBXSourcesBuildPhase section */
		0617878429269CDE00DCC878 /* Sources */ = {
			isa = PBXSourcesBuildPhase;
			buildActionMask = 2147483647;
			files = (
				0617879029269CDE00DCC878 /* ViewController.swift in Sources */,
				0617878C29269CDE00DCC878 /* AppDelegate.swift in Sources */,
				0617878E29269CDE00DCC878 /* SceneDelegate.swift in Sources */,
			);
			runOnlyForDeploymentPostprocessing = 0;
		};
		0617879A29269CE000DCC878 /* Sources */ = {
			isa = PBXSourcesBuildPhase;
			buildActionMask = 2147483647;
			files = (
				061787A329269CE000DCC878 /* RandowPhotoTests.swift in Sources */,
			);
			runOnlyForDeploymentPostprocessing = 0;
		};
		061787A429269CE000DCC878 /* Sources */ = {
			isa = PBXSourcesBuildPhase;
			buildActionMask = 2147483647;
			files = (
				061787AF29269CE000DCC878 /* RandowPhotoUITestsLaunchTests.swift in Sources */,
				061787AD29269CE000DCC878 /* RandowPhotoUITests.swift in Sources */,
			);
			runOnlyForDeploymentPostprocessing = 0;
		};
/* End PBXSourcesBuildPhase section */

/* Begin PBXTargetDependency section */
		061787A029269CE000DCC878 /* PBXTargetDependency */ = {
			isa = PBXTargetDependency;
			target = 0617878729269CDE00DCC878 /* RandowPhoto */;
			targetProxy = 0617879F29269CE000DCC878 /* PBXContainerItemProxy */;
		};
		061787AA29269CE000DCC878 /* PBXTargetDependency */ = {
			isa = PBXTargetDependency;
			target = 0617878729269CDE00DCC878 /* RandowPhoto */;
			targetProxy = 061787A929269CE000DCC878 /* PBXContainerItemProxy */;
		};
/* End PBXTargetDependency section */

/* Begin PBXVariantGroup section */
		0617879129269CDE00DCC878 /* Main.storyboard */ = {
			isa = PBXVariantGroup;
			children = (
				0617879229269CDE00DCC878 /* Base */,
			);
			name = Main.storyboard;
			sourceTree = "<group>";
		};
		0617879629269CE000DCC878 /* LaunchScreen.storyboard */ = {
			isa = PBXVariantGroup;
			children = (
				0617879729269CE000DCC878 /* Base */,
			);
			name = LaunchScreen.storyboard;
			sourceTree = "<group>";
		};
/* End PBXVariantGroup section */

/* Begin XCBuildConfiguration section */
		061787B029269CE000DCC878 /* Debug */ = {
			isa = XCBuildConfiguration;
			buildSettings = {
				ALWAYS_SEARCH_USER_PATHS = NO;
				CLANG_ANALYZER_NONNULL = YES;
				CLANG_ANALYZER_NUMBER_OBJECT_CONVERSION = YES_AGGRESSIVE;
				CLANG_CXX_LANGUAGE_STANDARD = "gnu++20";
				CLANG_ENABLE_MODULES = YES;
				CLANG_ENABLE_OBJC_ARC = YES;
				CLANG_ENABLE_OBJC_WEAK = YES;
				CLANG_WARN_BLOCK_CAPTURE_AUTORELEASING = YES;
				CLANG_WARN_BOOL_CONVERSION = YES;
				CLANG_WARN_COMMA = YES;
				CLANG_WARN_CONSTANT_CONVERSION = YES;
				CLANG_WARN_DEPRECATED_OBJC_IMPLEMENTATIONS = YES;
				CLANG_WARN_DIRECT_OBJC_ISA_USAGE = YES_ERROR;
				CLANG_WARN_DOCUMENTATION_COMMENTS = YES;
				CLANG_WARN_EMPTY_BODY = YES;
				CLANG_WARN_ENUM_CONVERSION = YES;
				CLANG_WARN_INFINITE_RECURSION = YES;
				CLANG_WARN_INT_CONVERSION = YES;
				CLANG_WARN_NON_LITERAL_NULL_CONVERSION = YES;
				CLANG_WARN_OBJC_IMPLICIT_RETAIN_SELF = YES;
				CLANG_WARN_OBJC_LITERAL_CONVERSION = YES;
				CLANG_WARN_OBJC_ROOT_CLASS = YES_ERROR;
				CLANG_WARN_QUOTED_INCLUDE_IN_FRAMEWORK_HEADER = YES;
				CLANG_WARN_RANGE_LOOP_ANALYSIS = YES;
				CLANG_WARN_STRICT_PROTOTYPES = YES;
				CLANG_WARN_SUSPICIOUS_MOVE = YES;
				CLANG_WARN_UNGUARDED_AVAILABILITY = YES_AGGRESSIVE;
				CLANG_WARN_UNREACHABLE_CODE = YES;
				CLANG_WARN__DUPLICATE_METHOD_MATCH = YES;
				COPY_PHASE_STRIP = NO;
				DEBUG_INFORMATION_FORMAT = dwarf;
				ENABLE_STRICT_OBJC_MSGSEND = YES;
				ENABLE_TESTABILITY = YES;
				GCC_C_LANGUAGE_STANDARD = gnu11;
				GCC_DYNAMIC_NO_PIC = NO;
				GCC_NO_COMMON_BLOCKS = YES;
				GCC_OPTIMIZATION_LEVEL = 0;
				GCC_PREPROCESSOR_DEFINITIONS = (
					"DEBUG=1",
					"$(inherited)",
				);
				GCC_WARN_64_TO_32_BIT_CONVERSION = YES;
				GCC_WARN_ABOUT_RETURN_TYPE = YES_ERROR;
				GCC_WARN_UNDECLARED_SELECTOR = YES;
				GCC_WARN_UNINITIALIZED_AUTOS = YES_AGGRESSIVE;
				GCC_WARN_UNUSED_FUNCTION = YES;
				GCC_WARN_UNUSED_VARIABLE = YES;
				IPHONEOS_DEPLOYMENT_TARGET = 16.1;
				MTL_ENABLE_DEBUG_INFO = INCLUDE_SOURCE;
				MTL_FAST_MATH = YES;
				ONLY_ACTIVE_ARCH = YES;
				SDKROOT = iphoneos;
				SWIFT_ACTIVE_COMPILATION_CONDITIONS = DEBUG;
				SWIFT_OPTIMIZATION_LEVEL = "-Onone";
			};
			name = Debug;
		};
		061787B129269CE000DCC878 /* Release */ = {
			isa = XCBuildConfiguration;
			buildSettings = {
				ALWAYS_SEARCH_USER_PATHS = NO;
				CLANG_ANALYZER_NONNULL = YES;
				CLANG_ANALYZER_NUMBER_OBJECT_CONVERSION = YES_AGGRESSIVE;
				CLANG_CXX_LANGUAGE_STANDARD = "gnu++20";
				CLANG_ENABLE_MODULES = YES;
				CLANG_ENABLE_OBJC_ARC = YES;
				CLANG_ENABLE_OBJC_WEAK = YES;
				CLANG_WARN_BLOCK_CAPTURE_AUTORELEASING = YES;
				CLANG_WARN_BOOL_CONVERSION = YES;
				CLANG_WARN_COMMA = YES;
				CLANG_WARN_CONSTANT_CONVERSION = YES;
				CLANG_WARN_DEPRECATED_OBJC_IMPLEMENTATIONS = YES;
				CLANG_WARN_DIRECT_OBJC_ISA_USAGE = YES_ERROR;
				CLANG_WARN_DOCUMENTATION_COMMENTS = YES;
				CLANG_WARN_EMPTY_BODY = YES;
				CLANG_WARN_ENUM_CONVERSION = YES;
				CLANG_WARN_INFINITE_RECURSION = YES;
				CLANG_WARN_INT_CONVERSION = YES;
				CLANG_WARN_NON_LITERAL_NULL_CONVERSION = YES;
				CLANG_WARN_OBJC_IMPLICIT_RETAIN_SELF = YES;
				CLANG_WARN_OBJC_LITERAL_CONVERSION = YES;
				CLANG_WARN_OBJC_ROOT_CLASS = YES_ERROR;
				CLANG_WARN_QUOTED_INCLUDE_IN_FRAMEWORK_HEADER = YES;
				CLANG_WARN_RANGE_LOOP_ANALYSIS = YES;
				CLANG_WARN_STRICT_PROTOTYPES = YES;
				CLANG_WARN_SUSPICIOUS_MOVE = YES;
				CLANG_WARN_UNGUARDED_AVAILABILITY = YES_AGGRESSIVE;
				CLANG_WARN_UNREACHABLE_CODE = YES;
				CLANG_WARN__DUPLICATE_METHOD_MATCH = YES;
				COPY_PHASE_STRIP = NO;
				DEBUG_INFORMATION_FORMAT = "dwarf-with-dsym";
				ENABLE_NS_ASSERTIONS = NO;
				ENABLE_STRICT_OBJC_MSGSEND = YES;
				GCC_C_LANGUAGE_STANDARD = gnu11;
				GCC_NO_COMMON_BLOCKS = YES;
				GCC_WARN_64_TO_32_BIT_CONVERSION = YES;
				GCC_WARN_ABOUT_RETURN_TYPE = YES_ERROR;
				GCC_WARN_UNDECLARED_SELECTOR = YES;
				GCC_WARN_UNINITIALIZED_AUTOS = YES_AGGRESSIVE;
				GCC_WARN_UNUSED_FUNCTION = YES;
				GCC_WARN_UNUSED_VARIABLE = YES;
				IPHONEOS_DEPLOYMENT_TARGET = 16.1;
				MTL_ENABLE_DEBUG_INFO = NO;
				MTL_FAST_MATH = YES;
				SDKROOT = iphoneos;
				SWIFT_COMPILATION_MODE = wholemodule;
				SWIFT_OPTIMIZATION_LEVEL = "-O";
				VALIDATE_PRODUCT = YES;
			};
			name = Release;
		};
		061787B329269CE000DCC878 /* Debug */ = {
			isa = XCBuildConfiguration;
			buildSettings = {
				ASSETCATALOG_COMPILER_APPICON_NAME = AppIcon;
				ASSETCATALOG_COMPILER_GLOBAL_ACCENT_COLOR_NAME = AccentColor;
				CODE_SIGN_STYLE = Automatic;
				CURRENT_PROJECT_VERSION = 1;
				DEVELOPMENT_TEAM = SUDS938369;
				GENERATE_INFOPLIST_FILE = YES;
				INFOPLIST_FILE = RandowPhoto/Info.plist;
				INFOPLIST_KEY_UIApplicationSupportsIndirectInputEvents = YES;
				INFOPLIST_KEY_UILaunchStoryboardName = LaunchScreen;
				INFOPLIST_KEY_UIMainStoryboardFile = Main;
				INFOPLIST_KEY_UISupportedInterfaceOrientations_iPad = "UIInterfaceOrientationPortrait UIInterfaceOrientationPortraitUpsideDown UIInterfaceOrientationLandscapeLeft UIInterfaceOrientationLandscapeRight";
				INFOPLIST_KEY_UISupportedInterfaceOrientations_iPhone = "UIInterfaceOrientationPortrait UIInterfaceOrientationLandscapeLeft UIInterfaceOrientationLandscapeRight";
				LD_RUNPATH_SEARCH_PATHS = (
					"$(inherited)",
					"@executable_path/Frameworks",
				);
				MARKETING_VERSION = 1.0;
				PRODUCT_BUNDLE_IDENTIFIER = com.christian.RandowPhoto;
				PRODUCT_NAME = "$(TARGET_NAME)";
				SWIFT_EMIT_LOC_STRINGS = YES;
				SWIFT_VERSION = 5.0;
				TARGETED_DEVICE_FAMILY = "1,2";
			};
			name = Debug;
		};
		061787B429269CE000DCC878 /* Release */ = {
			isa = XCBuildConfiguration;
			buildSettings = {
				ASSETCATALOG_COMPILER_APPICON_NAME = AppIcon;
				ASSETCATALOG_COMPILER_GLOBAL_ACCENT_COLOR_NAME = AccentColor;
				CODE_SIGN_STYLE = Automatic;
				CURRENT_PROJECT_VERSION = 1;
				DEVELOPMENT_TEAM = SUDS938369;
				GENERATE_INFOPLIST_FILE = YES;
				INFOPLIST_FILE = RandowPhoto/Info.plist;
				INFOPLIST_KEY_UIApplicationSupportsIndirectInputEvents = YES;
				INFOPLIST_KEY_UILaunchStoryboardName = LaunchScreen;
				INFOPLIST_KEY_UIMainStoryboardFile = Main;
				INFOPLIST_KEY_UISupportedInterfaceOrientations_iPad = "UIInterfaceOrientationPortrait UIInterfaceOrientationPortraitUpsideDown UIInterfaceOrientationLandscapeLeft UIInterfaceOrientationLandscapeRight";
				INFOPLIST_KEY_UISupportedInterfaceOrientations_iPhone = "UIInterfaceOrientationPortrait UIInterfaceOrientationLandscapeLeft UIInterfaceOrientationLandscapeRight";
				LD_RUNPATH_SEARCH_PATHS = (
					"$(inherited)",
					"@executable_path/Frameworks",
				);
				MARKETING_VERSION = 1.0;
				PRODUCT_BUNDLE_IDENTIFIER = com.christian.RandowPhoto;
				PRODUCT_NAME = "$(TARGET_NAME)";
				SWIFT_EMIT_LOC_STRINGS = YES;
				SWIFT_VERSION = 5.0;
				TARGETED_DEVICE_FAMILY = "1,2";
			};
			name = Release;
		};
		061787B629269CE000DCC878 /* Debug */ = {
			isa = XCBuildConfiguration;
			buildSettings = {
				ALWAYS_EMBED_SWIFT_STANDARD_LIBRARIES = YES;
				BUNDLE_LOADER = "$(TEST_HOST)";
				CODE_SIGN_STYLE = Automatic;
				CURRENT_PROJECT_VERSION = 1;
				GENERATE_INFOPLIST_FILE = YES;
				IPHONEOS_DEPLOYMENT_TARGET = 16.1;
				MARKETING_VERSION = 1.0;
				PRODUCT_BUNDLE_IDENTIFIER = com.christian.RandowPhotoTests;
				PRODUCT_NAME = "$(TARGET_NAME)";
				SWIFT_EMIT_LOC_STRINGS = NO;
				SWIFT_VERSION = 5.0;
				TARGETED_DEVICE_FAMILY = "1,2";
				TEST_HOST = "$(BUILT_PRODUCTS_DIR)/RandowPhoto.app/$(BUNDLE_EXECUTABLE_FOLDER_PATH)/RandowPhoto";
			};
			name = Debug;
		};
		061787B729269CE000DCC878 /* Release */ = {
			isa = XCBuildConfiguration;
			buildSettings = {
				ALWAYS_EMBED_SWIFT_STANDARD_LIBRARIES = YES;
				BUNDLE_LOADER = "$(TEST_HOST)";
				CODE_SIGN_STYLE = Automatic;
				CURRENT_PROJECT_VERSION = 1;
				GENERATE_INFOPLIST_FILE = YES;
				IPHONEOS_DEPLOYMENT_TARGET = 16.1;
				MARKETING_VERSION = 1.0;
				PRODUCT_BUNDLE_IDENTIFIER = com.christian.RandowPhotoTests;
				PRODUCT_NAME = "$(TARGET_NAME)";
				SWIFT_EMIT_LOC_STRINGS = NO;
				SWIFT_VERSION = 5.0;
				TARGETED_DEVICE_FAMILY = "1,2";
				TEST_HOST = "$(BUILT_PRODUCTS_DIR)/RandowPhoto.app/$(BUNDLE_EXECUTABLE_FOLDER_PATH)/RandowPhoto";
			};
			name = Release;
		};
		061787B929269CE000DCC878 /* Debug */ = {
			isa = XCBuildConfiguration;
			buildSettings = {
				ALWAYS_EMBED_SWIFT_STANDARD_LIBRARIES = YES;
				CODE_SIGN_STYLE = Automatic;
				CURRENT_PROJECT_VERSION = 1;
				GENERATE_INFOPLIST_FILE = YES;
				MARKETING_VERSION = 1.0;
				PRODUCT_BUNDLE_IDENTIFIER = com.christian.RandowPhotoUITests;
				PRODUCT_NAME = "$(TARGET_NAME)";
				SWIFT_EMIT_LOC_STRINGS = NO;
				SWIFT_VERSION = 5.0;
				TARGETED_DEVICE_FAMILY = "1,2";
				TEST_TARGET_NAME = RandowPhoto;
			};
			name = Debug;
		};
		061787BA29269CE000DCC878 /* Release */ = {
			isa = XCBuildConfiguration;
			buildSettings = {
				ALWAYS_EMBED_SWIFT_STANDARD_LIBRARIES = YES;
				CODE_SIGN_STYLE = Automatic;
				CURRENT_PROJECT_VERSION = 1;
				GENERATE_INFOPLIST_FILE = YES;
				MARKETING_VERSION = 1.0;
				PRODUCT_BUNDLE_IDENTIFIER = com.christian.RandowPhotoUITests;
				PRODUCT_NAME = "$(TARGET_NAME)";
				SWIFT_EMIT_LOC_STRINGS = NO;
				SWIFT_VERSION = 5.0;
				TARGETED_DEVICE_FAMILY = "1,2";
				TEST_TARGET_NAME = RandowPhoto;
			};
			name = Release;
		};
/* End XCBuildConfiguration section */

/* Begin XCConfigurationList section */
		0617878329269CDE00DCC878 /* Build configuration list for PBXProject "RandowPhoto" */ = {
			isa = XCConfigurationList;
			buildConfigurations = (
				061787B029269CE000DCC878 /* Debug */,
				061787B129269CE000DCC878 /* Release */,
			);
			defaultConfigurationIsVisible = 0;
			defaultConfigurationName = Release;
		};
		061787B229269CE000DCC878 /* Build configuration list for PBXNativeTarget "RandowPhoto" */ = {
			isa = XCConfigurationList;
			buildConfigurations = (
				061787B329269CE000DCC878 /* Debug */,
				061787B429269CE000DCC878 /* Release */,
			);
			defaultConfigurationIsVisible = 0;
			defaultConfigurationName = Release;
		};
		061787B529269CE000DCC878 /* Build configuration list for PBXNativeTarget "RandowPhotoTests" */ = {
			isa = XCConfigurationList;
			buildConfigurations = (
				061787B629269CE000DCC878 /* Debug */,
				061787B729269CE000DCC878 /* Release */,
			);
			defaultConfigurationIsVisible = 0;
			defaultConfigurationName = Release;
		};
		061787B829269CE000DCC878 /* Build configuration list for PBXNativeTarget "RandowPhotoUITests" */ = {
			isa = XCConfigurationList;
			buildConfigurations = (
				061787B929269CE000DCC878 /* Debug */,
				061787BA29269CE000DCC878 /* Release */,
			);
			defaultConfigurationIsVisible = 0;
			defaultConfigurationName = Release;
		};
/* End XCConfigurationList section */
	};
	rootObject = 0617878029269CDE00DCC878 /* Project object */;
}
